
Microsoft Visual Studio Solution File, Format Version 12.00
# Visual Studio Version 17
VisualStudioVersion = 17.11.35312.102
MinimumVisualStudioVersion = 10.0.40219.1
Project("{FAE04EC0-301F-11D3-BF4B-00C04F79EFBC}") = "OllamaSample", "OllamaSample.csproj", "{2FA0945B-4CDE-4B90-9158-A1F5594E3078}"
EndProject
Global
	GlobalSection(SolutionConfigurationPlatforms) = preSolution
		Debug|Any CPU = Debug|Any CPU
		Release|Any CPU = Release|Any CPU
	EndGlobalSection
	GlobalSection(ProjectConfigurationPlatforms) = postSolution
		{2FA0945B-4CDE-4B90-9158-A1F5594E3078}.Debug|Any CPU.ActiveCfg = Debug|Any CPU
		{2FA0945B-4CDE-4B90-9158-A1F5594E3078}.Debug|Any CPU.Build.0 = Debug|Any CPU
		{2FA0945B-4CDE-4B90-9158-A1F5594E3078}.Release|Any CPU.ActiveCfg = Release|Any CPU
		{2FA0945B-4CDE-4B90-9158-A1F5594E3078}.Release|Any CPU.Build.0 = Release|Any CPU
	EndGlobalSection
	GlobalSection(SolutionProperties) = preSolution
		HideSolutionNode = FALSE
	EndGlobalSection
	GlobalSection(ExtensibilityGlobals) = postSolution
		SolutionGuid = {3C872B94-4D20-4782-8460-FD211A7FFEE1}
	EndGlobalSection
EndGlobal
